
Microsoft Visual Studio Solution File, Format Version 12.00
# Visual Studio Version 17
VisualStudioVersion = 17.5.002.0
MinimumVisualStudioVersion = 10.0.40219.1
Project("{9A19103F-16F7-4668-BE54-9A1E7A4F7556}") = "aspClientApp", "aspClientApp.csproj", "{C00C99B1-A4E2-48CB-A483-B1326FCA12BE}"
EndProject
Global
	GlobalSection(SolutionConfigurationPlatforms) = preSolution
		Debug|Any CPU = Debug|Any CPU
		Release|Any CPU = Release|Any CPU
	EndGlobalSection
	GlobalSection(ProjectConfigurationPlatforms) = postSolution
		{C00C99B1-A4E2-48CB-A483-B1326FCA12BE}.Debug|Any CPU.ActiveCfg = Debug|Any CPU
		{C00C99B1-A4E2-48CB-A483-B1326FCA12BE}.Debug|Any CPU.Build.0 = Debug|Any CPU
		{C00C99B1-A4E2-48CB-A483-B1326FCA12BE}.Release|Any CPU.ActiveCfg = Release|Any CPU
		{C00C99B1-A4E2-48CB-A483-B1326FCA12BE}.Release|Any CPU.Build.0 = Release|Any CPU
	EndGlobalSection
	GlobalSection(SolutionProperties) = preSolution
		HideSolutionNode = FALSE
	EndGlobalSection
	GlobalSection(ExtensibilityGlobals) = postSolution
		SolutionGuid = {C095CD8A-6A50-4316-A305-3651B9C29585}
	EndGlobalSection
EndGlobal
